// !$*UTF8*$!
{
	archiveVersion = 1;
	classes = {
	};
	objectVersion = 50;
	objects = {

/* Begin PBXBuildFile section */
		4536044B23268F5300EDA73D /* PlantList.framework in Frameworks */ = {isa = PBXBuildFile; fileRef = 4536044123268F5300EDA73D /* PlantList.framework */; };
		4536045023268F5300EDA73D /* PlantListTests.swift in Sources */ = {isa = PBXBuildFile; fileRef = 4536044F23268F5300EDA73D /* PlantListTests.swift */; };
		453604D82326AB5E00EDA73D /* PlantEntity.framework in Frameworks */ = {isa = PBXBuildFile; fileRef = 453604D72326AB5E00EDA73D /* PlantEntity.framework */; };
		453604D92326AB5E00EDA73D /* PlantEntity.framework in Embed Frameworks */ = {isa = PBXBuildFile; fileRef = 453604D72326AB5E00EDA73D /* PlantEntity.framework */; settings = {ATTRIBUTES = (CodeSignOnCopy, RemoveHeadersOnCopy, ); }; };
		453604E42327B41700EDA73D /* PlantListView.swift in Sources */ = {isa = PBXBuildFile; fileRef = 453604E32327B41700EDA73D /* PlantListView.swift */; };
		453604E82327D6BF00EDA73D /* PlantListCellView.swift in Sources */ = {isa = PBXBuildFile; fileRef = 453604E72327D6BF00EDA73D /* PlantListCellView.swift */; };
		45B752B72329383E006B4ED7 /* PlantDetails.framework in Frameworks */ = {isa = PBXBuildFile; fileRef = 45B752B62329383E006B4ED7 /* PlantDetails.framework */; };
		45B752B82329383E006B4ED7 /* PlantDetails.framework in Embed Frameworks */ = {isa = PBXBuildFile; fileRef = 45B752B62329383E006B4ED7 /* PlantDetails.framework */; settings = {ATTRIBUTES = (CodeSignOnCopy, RemoveHeadersOnCopy, ); }; };
		45B752F6232BB70C006B4ED7 /* PlantForm.framework in Frameworks */ = {isa = PBXBuildFile; fileRef = 45360483232691CA00EDA73D /* PlantForm.framework */; };
		45B752F7232BB70C006B4ED7 /* PlantForm.framework in Embed Frameworks */ = {isa = PBXBuildFile; fileRef = 45360483232691CA00EDA73D /* PlantForm.framework */; settings = {ATTRIBUTES = (CodeSignOnCopy, RemoveHeadersOnCopy, ); }; };
/* End PBXBuildFile section */

/* Begin PBXContainerItemProxy section */
		4536044C23268F5300EDA73D /* PBXContainerItemProxy */ = {
			isa = PBXContainerItemProxy;
			containerPortal = 4536043823268F5300EDA73D /* Project object */;
			proxyType = 1;
			remoteGlobalIDString = 4536044023268F5300EDA73D;
			remoteInfo = PlantList;
		};
/* End PBXContainerItemProxy section */

/* Begin PBXCopyFilesBuildPhase section */
		45360486232691CA00EDA73D /* Embed Frameworks */ = {
			isa = PBXCopyFilesBuildPhase;
			buildActionMask = 2147483647;
			dstPath = "";
			dstSubfolderSpec = 10;
			files = (
				453604D92326AB5E00EDA73D /* PlantEntity.framework in Embed Frameworks */,
				45B752B82329383E006B4ED7 /* PlantDetails.framework in Embed Frameworks */,
				45B752F7232BB70C006B4ED7 /* PlantForm.framework in Embed Frameworks */,
			);
			name = "Embed Frameworks";
			runOnlyForDeploymentPostprocessing = 0;
		};
/* End PBXCopyFilesBuildPhase section */

/* Begin PBXFileReference section */
		4536044123268F5300EDA73D /* PlantList.framework */ = {isa = PBXFileReference; explicitFileType = wrapper.framework; includeInIndex = 0; path = PlantList.framework; sourceTree = BUILT_PRODUCTS_DIR; };
		4536044523268F5300EDA73D /* Info.plist */ = {isa = PBXFileReference; lastKnownFileType = text.plist.xml; path = Info.plist; sourceTree = "<group>"; };
		4536044A23268F5300EDA73D /* PlantListTests.xctest */ = {isa = PBXFileReference; explicitFileType = wrapper.cfbundle; includeInIndex = 0; path = PlantListTests.xctest; sourceTree = BUILT_PRODUCTS_DIR; };
		4536044F23268F5300EDA73D /* PlantListTests.swift */ = {isa = PBXFileReference; lastKnownFileType = sourcecode.swift; path = PlantListTests.swift; sourceTree = "<group>"; };
		4536045123268F5300EDA73D /* Info.plist */ = {isa = PBXFileReference; lastKnownFileType = text.plist.xml; path = Info.plist; sourceTree = "<group>"; };
		45360483232691CA00EDA73D /* PlantForm.framework */ = {isa = PBXFileReference; explicitFileType = wrapper.framework; path = PlantForm.framework; sourceTree = BUILT_PRODUCTS_DIR; };
		453604D72326AB5E00EDA73D /* PlantEntity.framework */ = {isa = PBXFileReference; explicitFileType = wrapper.framework; path = PlantEntity.framework; sourceTree = BUILT_PRODUCTS_DIR; };
		453604E32327B41700EDA73D /* PlantListView.swift */ = {isa = PBXFileReference; lastKnownFileType = sourcecode.swift; path = PlantListView.swift; sourceTree = "<group>"; };
		453604E72327D6BF00EDA73D /* PlantListCellView.swift */ = {isa = PBXFileReference; lastKnownFileType = sourcecode.swift; path = PlantListCellView.swift; sourceTree = "<group>"; };
		45B752B62329383E006B4ED7 /* PlantDetails.framework */ = {isa = PBXFileReference; explicitFileType = wrapper.framework; path = PlantDetails.framework; sourceTree = BUILT_PRODUCTS_DIR; };
/* End PBXFileReference section */

/* Begin PBXFrameworksBuildPhase section */
		4536043E23268F5300EDA73D /* Frameworks */ = {
			isa = PBXFrameworksBuildPhase;
			buildActionMask = 2147483647;
			files = (
				453604D82326AB5E00EDA73D /* PlantEntity.framework in Frameworks */,
				45B752B72329383E006B4ED7 /* PlantDetails.framework in Frameworks */,
				45B752F6232BB70C006B4ED7 /* PlantForm.framework in Frameworks */,
			);
			runOnlyForDeploymentPostprocessing = 0;
		};
		4536044723268F5300EDA73D /* Frameworks */ = {
			isa = PBXFrameworksBuildPhase;
			buildActionMask = 2147483647;
			files = (
				4536044B23268F5300EDA73D /* PlantList.framework in Frameworks */,
			);
			runOnlyForDeploymentPostprocessing = 0;
		};
/* End PBXFrameworksBuildPhase section */

/* Begin PBXGroup section */
		4536043723268F5300EDA73D = {
			isa = PBXGroup;
			children = (
				4536044323268F5300EDA73D /* PlantList */,
				4536044E23268F5300EDA73D /* PlantListTests */,
				4536044223268F5300EDA73D /* Products */,
				45360482232691CA00EDA73D /* Frameworks */,
			);
			sourceTree = "<group>";
		};
		4536044223268F5300EDA73D /* Products */ = {
			isa = PBXGroup;
			children = (
				4536044123268F5300EDA73D /* PlantList.framework */,
				4536044A23268F5300EDA73D /* PlantListTests.xctest */,
			);
			name = Products;
			sourceTree = "<group>";
		};
		4536044323268F5300EDA73D /* PlantList */ = {
			isa = PBXGroup;
			children = (
				453604E32327B41700EDA73D /* PlantListView.swift */,
				453604E72327D6BF00EDA73D /* PlantListCellView.swift */,
				4536044523268F5300EDA73D /* Info.plist */,
			);
			path = PlantList;
			sourceTree = "<group>";
		};
		4536044E23268F5300EDA73D /* PlantListTests */ = {
			isa = PBXGroup;
			children = (
				4536044F23268F5300EDA73D /* PlantListTests.swift */,
				4536045123268F5300EDA73D /* Info.plist */,
			);
			path = PlantListTests;
			sourceTree = "<group>";
		};
		45360482232691CA00EDA73D /* Frameworks */ = {
			isa = PBXGroup;
			children = (
				45B752B62329383E006B4ED7 /* PlantDetails.framework */,
				453604D72326AB5E00EDA73D /* PlantEntity.framework */,
				45360483232691CA00EDA73D /* PlantForm.framework */,
			);
			name = Frameworks;
			sourceTree = "<group>";
		};
/* End PBXGroup section */

/* Begin PBXHeadersBuildPhase section */
		4536043C23268F5300EDA73D /* Headers */ = {
			isa = PBXHeadersBuildPhase;
			buildActionMask = 2147483647;
			files = (
			);
			runOnlyForDeploymentPostprocessing = 0;
		};
/* End PBXHeadersBuildPhase section */

/* Begin PBXNativeTarget section */
		4536044023268F5300EDA73D /* PlantList */ = {
			isa = PBXNativeTarget;
			buildConfigurationList = 4536045523268F5300EDA73D /* Build configuration list for PBXNativeTarget "PlantList" */;
			buildPhases = (
				4536043C23268F5300EDA73D /* Headers */,
				4536043D23268F5300EDA73D /* Sources */,
				4536043E23268F5300EDA73D /* Frameworks */,
				4536043F23268F5300EDA73D /* Resources */,
				45360486232691CA00EDA73D /* Embed Frameworks */,
			);
			buildRules = (
			);
			dependencies = (
			);
			name = PlantList;
			productName = PlantList;
			productReference = 4536044123268F5300EDA73D /* PlantList.framework */;
			productType = "com.apple.product-type.framework";
		};
		4536044923268F5300EDA73D /* PlantListTests */ = {
			isa = PBXNativeTarget;
			buildConfigurationList = 4536045823268F5300EDA73D /* Build configuration list for PBXNativeTarget "PlantListTests" */;
			buildPhases = (
				4536044623268F5300EDA73D /* Sources */,
				4536044723268F5300EDA73D /* Frameworks */,
				4536044823268F5300EDA73D /* Resources */,
			);
			buildRules = (
			);
			dependencies = (
				4536044D23268F5300EDA73D /* PBXTargetDependency */,
			);
			name = PlantListTests;
			productName = PlantListTests;
			productReference = 4536044A23268F5300EDA73D /* PlantListTests.xctest */;
			productType = "com.apple.product-type.bundle.unit-test";
		};
/* End PBXNativeTarget section */

/* Begin PBXProject section */
		4536043823268F5300EDA73D /* Project object */ = {
			isa = PBXProject;
			attributes = {
				LastSwiftUpdateCheck = 1100;
				LastUpgradeCheck = 1100;
				ORGANIZATIONNAME = Karim;
				TargetAttributes = {
					4536044023268F5300EDA73D = {
						CreatedOnToolsVersion = 11.0;
						LastSwiftMigration = 1100;
					};
					4536044923268F5300EDA73D = {
						CreatedOnToolsVersion = 11.0;
					};
				};
			};
			buildConfigurationList = 4536043B23268F5300EDA73D /* Build configuration list for PBXProject "PlantList" */;
			compatibilityVersion = "Xcode 9.3";
			developmentRegion = en;
			hasScannedForEncodings = 0;
			knownRegions = (
				en,
				Base,
			);
			mainGroup = 4536043723268F5300EDA73D;
			productRefGroup = 4536044223268F5300EDA73D /* Products */;
			projectDirPath = "";
			projectRoot = "";
			targets = (
				4536044023268F5300EDA73D /* PlantList */,
				4536044923268F5300EDA73D /* PlantListTests */,
			);
		};
/* End PBXProject section */

/* Begin PBXResourcesBuildPhase section */
		4536043F23268F5300EDA73D /* Resources */ = {
			isa = PBXResourcesBuildPhase;
			buildActionMask = 2147483647;
			files = (
			);
			runOnlyForDeploymentPostprocessing = 0;
		};
		4536044823268F5300EDA73D /* Resources */ = {
			isa = PBXResourcesBuildPhase;
			buildActionMask = 2147483647;
			files = (
			);
			runOnlyForDeploymentPostprocessing = 0;
		};
/* End PBXResourcesBuildPhase section */

/* Begin PBXSourcesBuildPhase section */
		4536043D23268F5300EDA73D /* Sources */ = {
			isa = PBXSourcesBuildPhase;
			buildActionMask = 2147483647;
			files = (
				453604E82327D6BF00EDA73D /* PlantListCellView.swift in Sources */,
				453604E42327B41700EDA73D /* PlantListView.swift in Sources */,
			);
			runOnlyForDeploymentPostprocessing = 0;
		};
		4536044623268F5300EDA73D /* Sources */ = {
			isa = PBXSourcesBuildPhase;
			buildActionMask = 2147483647;
			files = (
				4536045023268F5300EDA73D /* PlantListTests.swift in Sources */,
			);
			runOnlyForDeploymentPostprocessing = 0;
		};
/* End PBXSourcesBuildPhase section */

/* Begin PBXTargetDependency section */
		4536044D23268F5300EDA73D /* PBXTargetDependency */ = {
			isa = PBXTargetDependency;
			target = 4536044023268F5300EDA73D /* PlantList */;
			targetProxy = 4536044C23268F5300EDA73D /* PBXContainerItemProxy */;
		};
/* End PBXTargetDependency section */

/* Begin XCBuildConfiguration section */
		4536045323268F5300EDA73D /* Debug */ = {
			isa = XCBuildConfiguration;
			buildSettings = {
				ALWAYS_SEARCH_USER_PATHS = NO;
				CLANG_ANALYZER_NONNULL = YES;
				CLANG_ANALYZER_NUMBER_OBJECT_CONVERSION = YES_AGGRESSIVE;
				CLANG_CXX_LANGUAGE_STANDARD = "gnu++14";
				CLANG_CXX_LIBRARY = "libc++";
				CLANG_ENABLE_MODULES = YES;
				CLANG_ENABLE_OBJC_ARC = YES;
				CLANG_ENABLE_OBJC_WEAK = YES;
				CLANG_WARN_BLOCK_CAPTURE_AUTORELEASING = YES;
				CLANG_WARN_BOOL_CONVERSION = YES;
				CLANG_WARN_COMMA = YES;
				CLANG_WARN_CONSTANT_CONVERSION = YES;
				CLANG_WARN_DEPRECATED_OBJC_IMPLEMENTATIONS = YES;
				CLANG_WARN_DIRECT_OBJC_ISA_USAGE = YES_ERROR;
				CLANG_WARN_DOCUMENTATION_COMMENTS = YES;
				CLANG_WARN_EMPTY_BODY = YES;
				CLANG_WARN_ENUM_CONVERSION = YES;
				CLANG_WARN_INFINITE_RECURSION = YES;
				CLANG_WARN_INT_CONVERSION = YES;
				CLANG_WARN_NON_LITERAL_NULL_CONVERSION = YES;
				CLANG_WARN_OBJC_IMPLICIT_RETAIN_SELF = YES;
				CLANG_WARN_OBJC_LITERAL_CONVERSION = YES;
				CLANG_WARN_OBJC_ROOT_CLASS = YES_ERROR;
				CLANG_WARN_RANGE_LOOP_ANALYSIS = YES;
				CLANG_WARN_STRICT_PROTOTYPES = YES;
				CLANG_WARN_SUSPICIOUS_MOVE = YES;
				CLANG_WARN_UNGUARDED_AVAILABILITY = YES_AGGRESSIVE;
				CLANG_WARN_UNREACHABLE_CODE = YES;
				CLANG_WARN__DUPLICATE_METHOD_MATCH = YES;
				COPY_PHASE_STRIP = NO;
				CURRENT_PROJECT_VERSION = 1;
				DEBUG_INFORMATION_FORMAT = dwarf;
				ENABLE_STRICT_OBJC_MSGSEND = YES;
				ENABLE_TESTABILITY = YES;
				GCC_C_LANGUAGE_STANDARD = gnu11;
				GCC_DYNAMIC_NO_PIC = NO;
				GCC_NO_COMMON_BLOCKS = YES;
				GCC_OPTIMIZATION_LEVEL = 0;
				GCC_PREPROCESSOR_DEFINITIONS = (
					"DEBUG=1",
					"$(inherited)",
				);
				GCC_WARN_64_TO_32_BIT_CONVERSION = YES;
				GCC_WARN_ABOUT_RETURN_TYPE = YES_ERROR;
				GCC_WARN_UNDECLARED_SELECTOR = YES;
				GCC_WARN_UNINITIALIZED_AUTOS = YES_AGGRESSIVE;
				GCC_WARN_UNUSED_FUNCTION = YES;
				GCC_WARN_UNUSED_VARIABLE = YES;
				IPHONEOS_DEPLOYMENT_TARGET = 13.0;
				MTL_ENABLE_DEBUG_INFO = INCLUDE_SOURCE;
				MTL_FAST_MATH = YES;
				ONLY_ACTIVE_ARCH = YES;
				SDKROOT = iphoneos;
				SWIFT_ACTIVE_COMPILATION_CONDITIONS = DEBUG;
				SWIFT_OPTIMIZATION_LEVEL = "-Onone";
				VERSIONING_SYSTEM = "apple-generic";
				VERSION_INFO_PREFIX = "";
			};
			name = Debug;
		};
		4536045423268F5300EDA73D /* Release */ = {
			isa = XCBuildConfiguration;
			buildSettings = {
				ALWAYS_SEARCH_USER_PATHS = NO;
				CLANG_ANALYZER_NONNULL = YES;
				CLANG_ANALYZER_NUMBER_OBJECT_CONVERSION = YES_AGGRESSIVE;
				CLANG_CXX_LANGUAGE_STANDARD = "gnu++14";
				CLANG_CXX_LIBRARY = "libc++";
				CLANG_ENABLE_MODULES = YES;
				CLANG_ENABLE_OBJC_ARC = YES;
				CLANG_ENABLE_OBJC_WEAK = YES;
				CLANG_WARN_BLOCK_CAPTURE_AUTORELEASING = YES;
				CLANG_WARN_BOOL_CONVERSION = YES;
				CLANG_WARN_COMMA = YES;
				CLANG_WARN_CONSTANT_CONVERSION = YES;
				CLANG_WARN_DEPRECATED_OBJC_IMPLEMENTATIONS = YES;
				CLANG_WARN_DIRECT_OBJC_ISA_USAGE = YES_ERROR;
				CLANG_WARN_DOCUMENTATION_COMMENTS = YES;
				CLANG_WARN_EMPTY_BODY = YES;
				CLANG_WARN_ENUM_CONVERSION = YES;
				CLANG_WARN_INFINITE_RECURSION = YES;
				CLANG_WARN_INT_CONVERSION = YES;
				CLANG_WARN_NON_LITERAL_NULL_CONVERSION = YES;
				CLANG_WARN_OBJC_IMPLICIT_RETAIN_SELF = YES;
				CLANG_WARN_OBJC_LITERAL_CONVERSION = YES;
				CLANG_WARN_OBJC_ROOT_CLASS = YES_ERROR;
				CLANG_WARN_RANGE_LOOP_ANALYSIS = YES;
				CLANG_WARN_STRICT_PROTOTYPES = YES;
				CLANG_WARN_SUSPICIOUS_MOVE = YES;
				CLANG_WARN_UNGUARDED_AVAILABILITY = YES_AGGRESSIVE;
				CLANG_WARN_UNREACHABLE_CODE = YES;
				CLANG_WARN__DUPLICATE_METHOD_MATCH = YES;
				COPY_PHASE_STRIP = NO;
				CURRENT_PROJECT_VERSION = 1;
				DEBUG_INFORMATION_FORMAT = "dwarf-with-dsym";
				ENABLE_NS_ASSERTIONS = NO;
				ENABLE_STRICT_OBJC_MSGSEND = YES;
				GCC_C_LANGUAGE_STANDARD = gnu11;
				GCC_NO_COMMON_BLOCKS = YES;
				GCC_WARN_64_TO_32_BIT_CONVERSION = YES;
				GCC_WARN_ABOUT_RETURN_TYPE = YES_ERROR;
				GCC_WARN_UNDECLARED_SELECTOR = YES;
				GCC_WARN_UNINITIALIZED_AUTOS = YES_AGGRESSIVE;
				GCC_WARN_UNUSED_FUNCTION = YES;
				GCC_WARN_UNUSED_VARIABLE = YES;
				IPHONEOS_DEPLOYMENT_TARGET = 13.0;
				MTL_ENABLE_DEBUG_INFO = NO;
				MTL_FAST_MATH = YES;
				SDKROOT = iphoneos;
				SWIFT_COMPILATION_MODE = wholemodule;
				SWIFT_OPTIMIZATION_LEVEL = "-O";
				VALIDATE_PRODUCT = YES;
				VERSIONING_SYSTEM = "apple-generic";
				VERSION_INFO_PREFIX = "";
			};
			name = Release;
		};
		4536045623268F5300EDA73D /* Debug */ = {
			isa = XCBuildConfiguration;
			buildSettings = {
				CLANG_ENABLE_MODULES = YES;
				CODE_SIGN_STYLE = Automatic;
				DEFINES_MODULE = YES;
				DYLIB_COMPATIBILITY_VERSION = 1;
				DYLIB_CURRENT_VERSION = 1;
				DYLIB_INSTALL_NAME_BASE = "@rpath";
				INFOPLIST_FILE = PlantList/Info.plist;
				INSTALL_PATH = "$(LOCAL_LIBRARY_DIR)/Frameworks";
				LD_RUNPATH_SEARCH_PATHS = (
					"$(inherited)",
					"@executable_path/Frameworks",
					"@loader_path/Frameworks",
				);
				PRODUCT_BUNDLE_IDENTIFIER = com.karim..PlantList;
				PRODUCT_NAME = "$(TARGET_NAME:c99extidentifier)";
				SKIP_INSTALL = YES;
				SWIFT_INSTALL_OBJC_HEADER = NO;
				SWIFT_OPTIMIZATION_LEVEL = "-Onone";
				SWIFT_VERSION = 5.0;
				TARGETED_DEVICE_FAMILY = "1,2";
			};
			name = Debug;
		};
		4536045723268F5300EDA73D /* Release */ = {
			isa = XCBuildConfiguration;
			buildSettings = {
				CLANG_ENABLE_MODULES = YES;
				CODE_SIGN_STYLE = Automatic;
				DEFINES_MODULE = YES;
				DYLIB_COMPATIBILITY_VERSION = 1;
				DYLIB_CURRENT_VERSION = 1;
				DYLIB_INSTALL_NAME_BASE = "@rpath";
				INFOPLIST_FILE = PlantList/Info.plist;
				INSTALL_PATH = "$(LOCAL_LIBRARY_DIR)/Frameworks";
				LD_RUNPATH_SEARCH_PATHS = (
					"$(inherited)",
					"@executable_path/Frameworks",
					"@loader_path/Frameworks",
				);
				PRODUCT_BUNDLE_IDENTIFIER = com.karim..PlantList;
				PRODUCT_NAME = "$(TARGET_NAME:c99extidentifier)";
				SKIP_INSTALL = YES;
				SWIFT_INSTALL_OBJC_HEADER = NO;
				SWIFT_VERSION = 5.0;
				TARGETED_DEVICE_FAMILY = "1,2";
			};
			name = Release;
		};
		4536045923268F5300EDA73D /* Debug */ = {
			isa = XCBuildConfiguration;
			buildSettings = {
				ALWAYS_EMBED_SWIFT_STANDARD_LIBRARIES = YES;
				CODE_SIGN_STYLE = Automatic;
				INFOPLIST_FILE = PlantListTests/Info.plist;
				LD_RUNPATH_SEARCH_PATHS = (
					"$(inherited)",
					"@executable_path/Frameworks",
					"@loader_path/Frameworks",
				);
				PRODUCT_BUNDLE_IDENTIFIER = com.karim..PlantListTests;
				PRODUCT_NAME = "$(TARGET_NAME)";
				SWIFT_VERSION = 5.0;
				TARGETED_DEVICE_FAMILY = "1,2";
			};
			name = Debug;
		};
		4536045A23268F5300EDA73D /* Release */ = {
			isa = XCBuildConfiguration;
			buildSettings = {
				ALWAYS_EMBED_SWIFT_STANDARD_LIBRARIES = YES;
				CODE_SIGN_STYLE = Automatic;
				INFOPLIST_FILE = PlantListTests/Info.plist;
				LD_RUNPATH_SEARCH_PATHS = (
					"$(inherited)",
					"@executable_path/Frameworks",
					"@loader_path/Frameworks",
				);
				PRODUCT_BUNDLE_IDENTIFIER = com.karim..PlantListTests;
				PRODUCT_NAME = "$(TARGET_NAME)";
				SWIFT_VERSION = 5.0;
				TARGETED_DEVICE_FAMILY = "1,2";
			};
			name = Release;
		};
/* End XCBuildConfiguration section */

/* Begin XCConfigurationList section */
		4536043B23268F5300EDA73D /* Build configuration list for PBXProject "PlantList" */ = {
			isa = XCConfigurationList;
			buildConfigurations = (
				4536045323268F5300EDA73D /* Debug */,
				4536045423268F5300EDA73D /* Release */,
			);
			defaultConfigurationIsVisible = 0;
			defaultConfigurationName = Release;
		};
		4536045523268F5300EDA73D /* Build configuration list for PBXNativeTarget "PlantList" */ = {
			isa = XCConfigurationList;
			buildConfigurations = (
				4536045623268F5300EDA73D /* Debug */,
				4536045723268F5300EDA73D /* Release */,
			);
			defaultConfigurationIsVisible = 0;
			defaultConfigurationName = Release;
		};
		4536045823268F5300EDA73D /* Build configuration list for PBXNativeTarget "PlantListTests" */ = {
			isa = XCConfigurationList;
			buildConfigurations = (
				4536045923268F5300EDA73D /* Debug */,
				4536045A23268F5300EDA73D /* Release */,
			);
			defaultConfigurationIsVisible = 0;
			defaultConfigurationName = Release;
		};
/* End XCConfigurationList section */
	};
	rootObject = 4536043823268F5300EDA73D /* Project object */;
}
